
Microsoft Visual Studio Solution File, Format Version 12.00
# Visual Studio Version 16
VisualStudioVersion = 16.0.30225.117
MinimumVisualStudioVersion = 10.0.40219.1
Project("{FAE04EC0-301F-11D3-BF4B-00C04F79EFBC}") = "Average Ten Scores", "Average Ten Scores.csproj", "{0E7470A2-AB3A-4BFA-9F27-9C7F9215218F}"
EndProject
Global
	GlobalSection(SolutionConfigurationPlatforms) = preSolution
		Debug|Any CPU = Debug|Any CPU
		Release|Any CPU = Release|Any CPU
	EndGlobalSection
	GlobalSection(ProjectConfigurationPlatforms) = postSolution
		{0E7470A2-AB3A-4BFA-9F27-9C7F9215218F}.Debug|Any CPU.ActiveCfg = Debug|Any CPU
		{0E7470A2-AB3A-4BFA-9F27-9C7F9215218F}.Debug|Any CPU.Build.0 = Debug|Any CPU
		{0E7470A2-AB3A-4BFA-9F27-9C7F9215218F}.Release|Any CPU.ActiveCfg = Release|Any CPU
		{0E7470A2-AB3A-4BFA-9F27-9C7F9215218F}.Release|Any CPU.Build.0 = Release|Any CPU
	EndGlobalSection
	GlobalSection(SolutionProperties) = preSolution
		HideSolutionNode = FALSE
	EndGlobalSection
	GlobalSection(ExtensibilityGlobals) = postSolution
		SolutionGuid = {8E856164-4894-444B-B331-FD05A904636B}
	EndGlobalSection
EndGlobal
