
Microsoft Visual Studio Solution File, Format Version 12.00
# Visual Studio Version 16
VisualStudioVersion = 16.0.30225.117
MinimumVisualStudioVersion = 10.0.40219.1
Project("{FAE04EC0-301F-11D3-BF4B-00C04F79EFBC}") = "ProgramToFindTheAverageOf3Numbers", "ProgramToFindTheAverageOf3Numbers.csproj", "{89464806-1C6C-4439-8037-AA90339705AA}"
EndProject
Global
	GlobalSection(SolutionConfigurationPlatforms) = preSolution
		Debug|Any CPU = Debug|Any CPU
		Release|Any CPU = Release|Any CPU
	EndGlobalSection
	GlobalSection(ProjectConfigurationPlatforms) = postSolution
		{89464806-1C6C-4439-8037-AA90339705AA}.Debug|Any CPU.ActiveCfg = Debug|Any CPU
		{89464806-1C6C-4439-8037-AA90339705AA}.Debug|Any CPU.Build.0 = Debug|Any CPU
		{89464806-1C6C-4439-8037-AA90339705AA}.Release|Any CPU.ActiveCfg = Release|Any CPU
		{89464806-1C6C-4439-8037-AA90339705AA}.Release|Any CPU.Build.0 = Release|Any CPU
	EndGlobalSection
	GlobalSection(SolutionProperties) = preSolution
		HideSolutionNode = FALSE
	EndGlobalSection
	GlobalSection(ExtensibilityGlobals) = postSolution
		SolutionGuid = {EB11E33E-E461-4A42-B136-2D92524D7F52}
	EndGlobalSection
EndGlobal
