
Microsoft Visual Studio Solution File, Format Version 12.00
# Visual Studio Version 16
VisualStudioVersion = 16.0.30406.217
MinimumVisualStudioVersion = 10.0.40219.1
Project("{FAE04EC0-301F-11D3-BF4B-00C04F79EFBC}") = "ParamsArray", "ParamsArray\ParamsArray.csproj", "{8963A397-449A-4BB9-B79A-C9209145F219}"
EndProject
Project("{2150E333-8FDC-42A3-9474-1A3956D46DE8}") = "Solution Items", "Solution Items", "{61B4D583-6598-4136-AE19-CB834A25DCEF}"
EndProject
Global
	GlobalSection(SolutionConfigurationPlatforms) = preSolution
		Debug|Any CPU = Debug|Any CPU
		Release|Any CPU = Release|Any CPU
	EndGlobalSection
	GlobalSection(ProjectConfigurationPlatforms) = postSolution
		{8963A397-449A-4BB9-B79A-C9209145F219}.Debug|Any CPU.ActiveCfg = Debug|Any CPU
		{8963A397-449A-4BB9-B79A-C9209145F219}.Debug|Any CPU.Build.0 = Debug|Any CPU
		{8963A397-449A-4BB9-B79A-C9209145F219}.Release|Any CPU.ActiveCfg = Release|Any CPU
		{8963A397-449A-4BB9-B79A-C9209145F219}.Release|Any CPU.Build.0 = Release|Any CPU
	EndGlobalSection
	GlobalSection(SolutionProperties) = preSolution
		HideSolutionNode = FALSE
	EndGlobalSection
	GlobalSection(ExtensibilityGlobals) = postSolution
		SolutionGuid = {E57E10CE-9F23-48D9-B2A7-8E1D7AE1CDCB}
	EndGlobalSection
EndGlobal
