
Microsoft Visual Studio Solution File, Format Version 12.00
# Visual Studio Version 16
VisualStudioVersion = 16.0.30225.117
MinimumVisualStudioVersion = 10.0.40219.1
Project("{FAE04EC0-301F-11D3-BF4B-00C04F79EFBC}") = "MathMethod", "MathMethod.csproj", "{409A46EB-54E9-4779-AB86-A0173A597E93}"
EndProject
Global
	GlobalSection(SolutionConfigurationPlatforms) = preSolution
		Debug|Any CPU = Debug|Any CPU
		Release|Any CPU = Release|Any CPU
	EndGlobalSection
	GlobalSection(ProjectConfigurationPlatforms) = postSolution
		{409A46EB-54E9-4779-AB86-A0173A597E93}.Debug|Any CPU.ActiveCfg = Debug|Any CPU
		{409A46EB-54E9-4779-AB86-A0173A597E93}.Debug|Any CPU.Build.0 = Debug|Any CPU
		{409A46EB-54E9-4779-AB86-A0173A597E93}.Release|Any CPU.ActiveCfg = Release|Any CPU
		{409A46EB-54E9-4779-AB86-A0173A597E93}.Release|Any CPU.Build.0 = Release|Any CPU
	EndGlobalSection
	GlobalSection(SolutionProperties) = preSolution
		HideSolutionNode = FALSE
	EndGlobalSection
	GlobalSection(ExtensibilityGlobals) = postSolution
		SolutionGuid = {05A89FA6-0E8A-4206-A8BD-8E6D57020240}
	EndGlobalSection
EndGlobal
