
Microsoft Visual Studio Solution File, Format Version 12.00
# Visual Studio Version 16
VisualStudioVersion = 16.0.30225.117
MinimumVisualStudioVersion = 10.0.40219.1
Project("{FAE04EC0-301F-11D3-BF4B-00C04F79EFBC}") = "IndividualWarmupPart4_BensonJeff07202020", "IndividualWarmupPart4_BensonJeff07202020.csproj", "{06C89D74-E567-4FB9-8420-3B3DD2B409A1}"
EndProject
Global
	GlobalSection(SolutionConfigurationPlatforms) = preSolution
		Debug|Any CPU = Debug|Any CPU
		Release|Any CPU = Release|Any CPU
	EndGlobalSection
	GlobalSection(ProjectConfigurationPlatforms) = postSolution
		{06C89D74-E567-4FB9-8420-3B3DD2B409A1}.Debug|Any CPU.ActiveCfg = Debug|Any CPU
		{06C89D74-E567-4FB9-8420-3B3DD2B409A1}.Debug|Any CPU.Build.0 = Debug|Any CPU
		{06C89D74-E567-4FB9-8420-3B3DD2B409A1}.Release|Any CPU.ActiveCfg = Release|Any CPU
		{06C89D74-E567-4FB9-8420-3B3DD2B409A1}.Release|Any CPU.Build.0 = Release|Any CPU
	EndGlobalSection
	GlobalSection(SolutionProperties) = preSolution
		HideSolutionNode = FALSE
	EndGlobalSection
	GlobalSection(ExtensibilityGlobals) = postSolution
		SolutionGuid = {DA004761-A523-4E05-89FB-589ABE643360}
	EndGlobalSection
EndGlobal
